
Microsoft Visual Studio Solution File, Format Version 12.00
# Visual Studio 15
Project("{FAE04EC0-301F-11D3-BF4B-00C04F79EFBC}") = "coreSdl", "coreSdl.csproj", "{BE8E3D32-2629-4D7D-A706-6A3EA2851DCD}"
EndProject
Global
	GlobalSection(SolutionConfigurationPlatforms) = preSolution
		Debug|Any CPU = Debug|Any CPU
		Release|Any CPU = Release|Any CPU
	EndGlobalSection
	GlobalSection(ProjectConfigurationPlatforms) = postSolution
		{BE8E3D32-2629-4D7D-A706-6A3EA2851DCD}.Debug|Any CPU.ActiveCfg = Debug|Any CPU
		{BE8E3D32-2629-4D7D-A706-6A3EA2851DCD}.Debug|Any CPU.Build.0 = Debug|Any CPU
		{BE8E3D32-2629-4D7D-A706-6A3EA2851DCD}.Release|Any CPU.ActiveCfg = Release|Any CPU
		{BE8E3D32-2629-4D7D-A706-6A3EA2851DCD}.Release|Any CPU.Build.0 = Release|Any CPU
	EndGlobalSection
EndGlobal
